
Microsoft Visual Studio Solution File, Format Version 12.00
# Visual Studio Version 17
VisualStudioVersion = 17.4.33122.133
MinimumVisualStudioVersion = 10.0.40219.1
Project("{FAE04EC0-301F-11D3-BF4B-00C04F79EFBC}") = "LoggataTask", "LoggataTask.csproj", "{4979C6ED-94F4-4AF7-80EB-235AEE20F40E}"
EndProject
Global
	GlobalSection(SolutionConfigurationPlatforms) = preSolution
		Debug|Any CPU = Debug|Any CPU
		Release|Any CPU = Release|Any CPU
	EndGlobalSection
	GlobalSection(ProjectConfigurationPlatforms) = postSolution
		{4979C6ED-94F4-4AF7-80EB-235AEE20F40E}.Debug|Any CPU.ActiveCfg = Debug|Any CPU
		{4979C6ED-94F4-4AF7-80EB-235AEE20F40E}.Debug|Any CPU.Build.0 = Debug|Any CPU
		{4979C6ED-94F4-4AF7-80EB-235AEE20F40E}.Release|Any CPU.ActiveCfg = Release|Any CPU
		{4979C6ED-94F4-4AF7-80EB-235AEE20F40E}.Release|Any CPU.Build.0 = Release|Any CPU
	EndGlobalSection
	GlobalSection(SolutionProperties) = preSolution
		HideSolutionNode = FALSE
	EndGlobalSection
	GlobalSection(ExtensibilityGlobals) = postSolution
		SolutionGuid = {91246D27-A42D-49DB-B64A-591A971876A1}
	EndGlobalSection
EndGlobal
